
Microsoft Visual Studio Solution File, Format Version 12.00
# Visual Studio Version 16
VisualStudioVersion = 16.0.32126.315
MinimumVisualStudioVersion = 10.0.40219.1
Project("{FAE04EC0-301F-11D3-BF4B-00C04F79EFBC}") = "nopowershell", "nopowershell.csproj", "{CFA0325D-6350-4D8C-9CE7-D3F2B77B98D2}"
EndProject
Global
	GlobalSection(SolutionConfigurationPlatforms) = preSolution
		Debug|Any CPU = Debug|Any CPU
		Release|Any CPU = Release|Any CPU
	EndGlobalSection
	GlobalSection(ProjectConfigurationPlatforms) = postSolution
		{CFA0325D-6350-4D8C-9CE7-D3F2B77B98D2}.Debug|Any CPU.ActiveCfg = Debug|Any CPU
		{CFA0325D-6350-4D8C-9CE7-D3F2B77B98D2}.Debug|Any CPU.Build.0 = Debug|Any CPU
		{CFA0325D-6350-4D8C-9CE7-D3F2B77B98D2}.Release|Any CPU.ActiveCfg = Release|Any CPU
		{CFA0325D-6350-4D8C-9CE7-D3F2B77B98D2}.Release|Any CPU.Build.0 = Release|Any CPU
	EndGlobalSection
	GlobalSection(SolutionProperties) = preSolution
		HideSolutionNode = FALSE
	EndGlobalSection
	GlobalSection(ExtensibilityGlobals) = postSolution
		SolutionGuid = {782A5C80-09CF-48DB-ACE1-3AD7B17CA47B}
	EndGlobalSection
EndGlobal
