
Microsoft Visual Studio Solution File, Format Version 12.00
# Visual Studio Version 16
VisualStudioVersion = 16.0.33027.164
MinimumVisualStudioVersion = 10.0.40219.1
Project("{F184B08F-C81C-45F6-A57F-5ABD9991F28F}") = "Runps", "Runps.vbproj", "{584485E7-4C19-4BDD-BC68-70E6A445978A}"
EndProject
Global
	GlobalSection(SolutionConfigurationPlatforms) = preSolution
		Debug|Any CPU = Debug|Any CPU
		Release|Any CPU = Release|Any CPU
	EndGlobalSection
	GlobalSection(ProjectConfigurationPlatforms) = postSolution
		{584485E7-4C19-4BDD-BC68-70E6A445978A}.Debug|Any CPU.ActiveCfg = Debug|Any CPU
		{584485E7-4C19-4BDD-BC68-70E6A445978A}.Debug|Any CPU.Build.0 = Debug|Any CPU
		{584485E7-4C19-4BDD-BC68-70E6A445978A}.Release|Any CPU.ActiveCfg = Release|Any CPU
		{584485E7-4C19-4BDD-BC68-70E6A445978A}.Release|Any CPU.Build.0 = Release|Any CPU
	EndGlobalSection
	GlobalSection(SolutionProperties) = preSolution
		HideSolutionNode = FALSE
	EndGlobalSection
	GlobalSection(ExtensibilityGlobals) = postSolution
		SolutionGuid = {7CA7D044-B442-431C-8369-CA1CF6F89705}
	EndGlobalSection
EndGlobal
